
Microsoft Visual Studio Solution File, Format Version 12.00
# Visual Studio Version 17
VisualStudioVersion = 17.0.31903.59
MinimumVisualStudioVersion = 10.0.40219.1
Project("{FAE04EC0-301F-11D3-BF4B-00C04F79EFBC}") = "TodoApp.Domain.Api", "TodoApp.Domain.Api\TodoApp.Domain.Api.csproj", "{34662BE0-F548-49BC-96B7-066B7A818B1F}"
EndProject
Project("{FAE04EC0-301F-11D3-BF4B-00C04F79EFBC}") = "TodoApp.Domain.Tests", "TodoApp.Domain.Tests\TodoApp.Domain.Tests.csproj", "{D8650521-500D-4E52-A162-18CC9283EF14}"
EndProject
Project("{FAE04EC0-301F-11D3-BF4B-00C04F79EFBC}") = "TodoApp.Domain.Infra", "TodoApp.Domain.Infra\TodoApp.Domain.Infra.csproj", "{154E1230-7099-46A1-9359-32E14D0BC5A8}"
EndProject
Project("{FAE04EC0-301F-11D3-BF4B-00C04F79EFBC}") = "TodoApp.Domain", "TodoApp.Domain\TodoApp.Domain.csproj", "{485DEBC1-9276-45E8-AD07-085630645DF4}"
EndProject
Global
	GlobalSection(SolutionConfigurationPlatforms) = preSolution
		Debug|Any CPU = Debug|Any CPU
		Release|Any CPU = Release|Any CPU
	EndGlobalSection
	GlobalSection(SolutionProperties) = preSolution
		HideSolutionNode = FALSE
	EndGlobalSection
	GlobalSection(ProjectConfigurationPlatforms) = postSolution
		{34662BE0-F548-49BC-96B7-066B7A818B1F}.Debug|Any CPU.ActiveCfg = Debug|Any CPU
		{34662BE0-F548-49BC-96B7-066B7A818B1F}.Debug|Any CPU.Build.0 = Debug|Any CPU
		{34662BE0-F548-49BC-96B7-066B7A818B1F}.Release|Any CPU.ActiveCfg = Release|Any CPU
		{34662BE0-F548-49BC-96B7-066B7A818B1F}.Release|Any CPU.Build.0 = Release|Any CPU
		{D8650521-500D-4E52-A162-18CC9283EF14}.Debug|Any CPU.ActiveCfg = Debug|Any CPU
		{D8650521-500D-4E52-A162-18CC9283EF14}.Debug|Any CPU.Build.0 = Debug|Any CPU
		{D8650521-500D-4E52-A162-18CC9283EF14}.Release|Any CPU.ActiveCfg = Release|Any CPU
		{D8650521-500D-4E52-A162-18CC9283EF14}.Release|Any CPU.Build.0 = Release|Any CPU
		{154E1230-7099-46A1-9359-32E14D0BC5A8}.Debug|Any CPU.ActiveCfg = Debug|Any CPU
		{154E1230-7099-46A1-9359-32E14D0BC5A8}.Debug|Any CPU.Build.0 = Debug|Any CPU
		{154E1230-7099-46A1-9359-32E14D0BC5A8}.Release|Any CPU.ActiveCfg = Release|Any CPU
		{154E1230-7099-46A1-9359-32E14D0BC5A8}.Release|Any CPU.Build.0 = Release|Any CPU
		{485DEBC1-9276-45E8-AD07-085630645DF4}.Debug|Any CPU.ActiveCfg = Debug|Any CPU
		{485DEBC1-9276-45E8-AD07-085630645DF4}.Debug|Any CPU.Build.0 = Debug|Any CPU
		{485DEBC1-9276-45E8-AD07-085630645DF4}.Release|Any CPU.ActiveCfg = Release|Any CPU
		{485DEBC1-9276-45E8-AD07-085630645DF4}.Release|Any CPU.Build.0 = Release|Any CPU
	EndGlobalSection
EndGlobal
